
Microsoft Visual Studio Solution File, Format Version 12.00
# Visual Studio Version 17
VisualStudioVersion = 17.2.32630.192
MinimumVisualStudioVersion = 10.0.40219.1
Project("{FAE04EC0-301F-11D3-BF4B-00C04F79EFBC}") = "POrientacaoObjetos", "POrientacaoObjetos\POrientacaoObjetos.csproj", "{27F6E6D7-D403-4406-B10E-49F4CA48970A}"
EndProject
Global
	GlobalSection(SolutionConfigurationPlatforms) = preSolution
		Debug|Any CPU = Debug|Any CPU
		Release|Any CPU = Release|Any CPU
	EndGlobalSection
	GlobalSection(ProjectConfigurationPlatforms) = postSolution
		{27F6E6D7-D403-4406-B10E-49F4CA48970A}.Debug|Any CPU.ActiveCfg = Debug|Any CPU
		{27F6E6D7-D403-4406-B10E-49F4CA48970A}.Debug|Any CPU.Build.0 = Debug|Any CPU
		{27F6E6D7-D403-4406-B10E-49F4CA48970A}.Release|Any CPU.ActiveCfg = Release|Any CPU
		{27F6E6D7-D403-4406-B10E-49F4CA48970A}.Release|Any CPU.Build.0 = Release|Any CPU
	EndGlobalSection
	GlobalSection(SolutionProperties) = preSolution
		HideSolutionNode = FALSE
	EndGlobalSection
	GlobalSection(ExtensibilityGlobals) = postSolution
		SolutionGuid = {0D360FB4-A152-4BDF-A6D4-6E808101D48A}
	EndGlobalSection
EndGlobal
